
Microsoft Visual Studio Solution File, Format Version 12.00
# Visual Studio Version 17
VisualStudioVersion = 17.14.36301.6 d17.14
MinimumVisualStudioVersion = 10.0.40219.1
Project("{FAE04EC0-301F-11D3-BF4B-00C04F79EFBC}") = "Workvia.WebAPI", "Workvia.WebAPI\Workvia.WebAPI.csproj", "{D4D22F08-8BAB-4961-B4EC-3F18CD60B700}"
EndProject
Project("{FAE04EC0-301F-11D3-BF4B-00C04F79EFBC}") = "Workvia.Core", "Workvia.Core\Workvia.Core.csproj", "{F29239AC-D1BD-4EE8-AFF3-1A7CE4C76869}"
EndProject
Project("{54A90642-561A-4BB1-A94E-469ADEE60C69}") = "Workvia.ClientApp", "Workvia.ClientApp\Workvia.ClientApp.esproj", "{6237D34D-0679-B760-FB63-2827439F96C7}"
EndProject
Project("{FAE04EC0-301F-11D3-BF4B-00C04F79EFBC}") = "Workvia.Infrastructure", "Workvia.Infrastructure\Workvia.Infrastructure.csproj", "{B8E4ED2F-E884-4BC2-AFDB-841FAE747631}"
EndProject
Global
	GlobalSection(SolutionConfigurationPlatforms) = preSolution
		Debug|Any CPU = Debug|Any CPU
		Release|Any CPU = Release|Any CPU
	EndGlobalSection
	GlobalSection(ProjectConfigurationPlatforms) = postSolution
		{D4D22F08-8BAB-4961-B4EC-3F18CD60B700}.Debug|Any CPU.ActiveCfg = Debug|Any CPU
		{D4D22F08-8BAB-4961-B4EC-3F18CD60B700}.Debug|Any CPU.Build.0 = Debug|Any CPU
		{D4D22F08-8BAB-4961-B4EC-3F18CD60B700}.Release|Any CPU.ActiveCfg = Release|Any CPU
		{D4D22F08-8BAB-4961-B4EC-3F18CD60B700}.Release|Any CPU.Build.0 = Release|Any CPU
		{F29239AC-D1BD-4EE8-AFF3-1A7CE4C76869}.Debug|Any CPU.ActiveCfg = Debug|Any CPU
		{F29239AC-D1BD-4EE8-AFF3-1A7CE4C76869}.Debug|Any CPU.Build.0 = Debug|Any CPU
		{F29239AC-D1BD-4EE8-AFF3-1A7CE4C76869}.Release|Any CPU.ActiveCfg = Release|Any CPU
		{F29239AC-D1BD-4EE8-AFF3-1A7CE4C76869}.Release|Any CPU.Build.0 = Release|Any CPU
		{6237D34D-0679-B760-FB63-2827439F96C7}.Debug|Any CPU.ActiveCfg = Debug|Any CPU
		{6237D34D-0679-B760-FB63-2827439F96C7}.Debug|Any CPU.Build.0 = Debug|Any CPU
		{6237D34D-0679-B760-FB63-2827439F96C7}.Debug|Any CPU.Deploy.0 = Debug|Any CPU
		{6237D34D-0679-B760-FB63-2827439F96C7}.Release|Any CPU.ActiveCfg = Release|Any CPU
		{6237D34D-0679-B760-FB63-2827439F96C7}.Release|Any CPU.Build.0 = Release|Any CPU
		{6237D34D-0679-B760-FB63-2827439F96C7}.Release|Any CPU.Deploy.0 = Release|Any CPU
		{B8E4ED2F-E884-4BC2-AFDB-841FAE747631}.Debug|Any CPU.ActiveCfg = Debug|Any CPU
		{B8E4ED2F-E884-4BC2-AFDB-841FAE747631}.Debug|Any CPU.Build.0 = Debug|Any CPU
		{B8E4ED2F-E884-4BC2-AFDB-841FAE747631}.Release|Any CPU.ActiveCfg = Release|Any CPU
		{B8E4ED2F-E884-4BC2-AFDB-841FAE747631}.Release|Any CPU.Build.0 = Release|Any CPU
	EndGlobalSection
	GlobalSection(SolutionProperties) = preSolution
		HideSolutionNode = FALSE
	EndGlobalSection
	GlobalSection(ExtensibilityGlobals) = postSolution
		SolutionGuid = {01638062-D94B-4760-8C7C-29FF65A803FA}
	EndGlobalSection
EndGlobal
